// !$*UTF8*$!
{
	archiveVersion = 1;
	classes = {
	};
	objectVersion = 55;
	objects = {

/* Begin PBXBuildFile section */
		41982E5C26881FA50058679D /* Tests_iOS.swift in Sources */ = {isa = PBXBuildFile; fileRef = 41982E5B26881FA50058679D /* Tests_iOS.swift */; };
		41982E6626881FA50058679D /* Tests_macOS.swift in Sources */ = {isa = PBXBuildFile; fileRef = 41982E6526881FA50058679D /* Tests_macOS.swift */; };
		41982E6726881FA50058679D /* SwiftUIIntroductionApp.swift in Sources */ = {isa = PBXBuildFile; fileRef = 41982E4526881FA40058679D /* SwiftUIIntroductionApp.swift */; };
		41982E6826881FA50058679D /* SwiftUIIntroductionApp.swift in Sources */ = {isa = PBXBuildFile; fileRef = 41982E4526881FA40058679D /* SwiftUIIntroductionApp.swift */; };
		41982E6926881FA50058679D /* ContentView.swift in Sources */ = {isa = PBXBuildFile; fileRef = 41982E4626881FA40058679D /* ContentView.swift */; };
		41982E6A26881FA50058679D /* ContentView.swift in Sources */ = {isa = PBXBuildFile; fileRef = 41982E4626881FA40058679D /* ContentView.swift */; };
		41982E6B26881FA50058679D /* Assets.xcassets in Resources */ = {isa = PBXBuildFile; fileRef = 41982E4726881FA50058679D /* Assets.xcassets */; };
		41982E6C26881FA50058679D /* Assets.xcassets in Resources */ = {isa = PBXBuildFile; fileRef = 41982E4726881FA50058679D /* Assets.xcassets */; };
/* End PBXBuildFile section */

/* Begin PBXContainerItemProxy section */
		41982E5826881FA50058679D /* PBXContainerItemProxy */ = {
			isa = PBXContainerItemProxy;
			containerPortal = 41982E4026881FA30058679D /* Project object */;
			proxyType = 1;
			remoteGlobalIDString = 41982E4B26881FA50058679D;
			remoteInfo = "SwiftUIIntroduction (iOS)";
		};
		41982E6226881FA50058679D /* PBXContainerItemProxy */ = {
			isa = PBXContainerItemProxy;
			containerPortal = 41982E4026881FA30058679D /* Project object */;
			proxyType = 1;
			remoteGlobalIDString = 41982E5126881FA50058679D;
			remoteInfo = "SwiftUIIntroduction (macOS)";
		};
/* End PBXContainerItemProxy section */

/* Begin PBXFileReference section */
		41982E4526881FA40058679D /* SwiftUIIntroductionApp.swift */ = {isa = PBXFileReference; lastKnownFileType = sourcecode.swift; path = SwiftUIIntroductionApp.swift; sourceTree = "<group>"; };
		41982E4626881FA40058679D /* ContentView.swift */ = {isa = PBXFileReference; lastKnownFileType = sourcecode.swift; path = ContentView.swift; sourceTree = "<group>"; };
		41982E4726881FA50058679D /* Assets.xcassets */ = {isa = PBXFileReference; lastKnownFileType = folder.assetcatalog; path = Assets.xcassets; sourceTree = "<group>"; };
		41982E4C26881FA50058679D /* SwiftUIIntroduction.app */ = {isa = PBXFileReference; explicitFileType = wrapper.application; includeInIndex = 0; path = SwiftUIIntroduction.app; sourceTree = BUILT_PRODUCTS_DIR; };
		41982E5226881FA50058679D /* SwiftUIIntroduction.app */ = {isa = PBXFileReference; explicitFileType = wrapper.application; includeInIndex = 0; path = SwiftUIIntroduction.app; sourceTree = BUILT_PRODUCTS_DIR; };
		41982E5726881FA50058679D /* Tests iOS.xctest */ = {isa = PBXFileReference; explicitFileType = wrapper.cfbundle; includeInIndex = 0; path = "Tests iOS.xctest"; sourceTree = BUILT_PRODUCTS_DIR; };
		41982E5B26881FA50058679D /* Tests_iOS.swift */ = {isa = PBXFileReference; lastKnownFileType = sourcecode.swift; path = Tests_iOS.swift; sourceTree = "<group>"; };
		41982E6126881FA50058679D /* Tests macOS.xctest */ = {isa = PBXFileReference; explicitFileType = wrapper.cfbundle; includeInIndex = 0; path = "Tests macOS.xctest"; sourceTree = BUILT_PRODUCTS_DIR; };
		41982E6526881FA50058679D /* Tests_macOS.swift */ = {isa = PBXFileReference; lastKnownFileType = sourcecode.swift; path = Tests_macOS.swift; sourceTree = "<group>"; };
/* End PBXFileReference section */

/* Begin PBXFrameworksBuildPhase section */
		41982E4926881FA50058679D /* Frameworks */ = {
			isa = PBXFrameworksBuildPhase;
			buildActionMask = 2147483647;
			files = (
			);
			runOnlyForDeploymentPostprocessing = 0;
		};
		41982E4F26881FA50058679D /* Frameworks */ = {
			isa = PBXFrameworksBuildPhase;
			buildActionMask = 2147483647;
			files = (
			);
			runOnlyForDeploymentPostprocessing = 0;
		};
		41982E5426881FA50058679D /* Frameworks */ = {
			isa = PBXFrameworksBuildPhase;
			buildActionMask = 2147483647;
			files = (
			);
			runOnlyForDeploymentPostprocessing = 0;
		};
		41982E5E26881FA50058679D /* Frameworks */ = {
			isa = PBXFrameworksBuildPhase;
			buildActionMask = 2147483647;
			files = (
			);
			runOnlyForDeploymentPostprocessing = 0;
		};
/* End PBXFrameworksBuildPhase section */

/* Begin PBXGroup section */
		41982E3F26881FA30058679D = {
			isa = PBXGroup;
			children = (
				41982E4426881FA30058679D /* Shared */,
				41982E5A26881FA50058679D /* Tests iOS */,
				41982E6426881FA50058679D /* Tests macOS */,
				41982E4D26881FA50058679D /* Products */,
			);
			sourceTree = "<group>";
		};
		41982E4426881FA30058679D /* Shared */ = {
			isa = PBXGroup;
			children = (
				41982E4526881FA40058679D /* SwiftUIIntroductionApp.swift */,
				41982E4626881FA40058679D /* ContentView.swift */,
				41982E4726881FA50058679D /* Assets.xcassets */,
			);
			path = Shared;
			sourceTree = "<group>";
		};
		41982E4D26881FA50058679D /* Products */ = {
			isa = PBXGroup;
			children = (
				41982E4C26881FA50058679D /* SwiftUIIntroduction.app */,
				41982E5226881FA50058679D /* SwiftUIIntroduction.app */,
				41982E5726881FA50058679D /* Tests iOS.xctest */,
				41982E6126881FA50058679D /* Tests macOS.xctest */,
			);
			name = Products;
			sourceTree = "<group>";
		};
		41982E5A26881FA50058679D /* Tests iOS */ = {
			isa = PBXGroup;
			children = (
				41982E5B26881FA50058679D /* Tests_iOS.swift */,
			);
			path = "Tests iOS";
			sourceTree = "<group>";
		};
		41982E6426881FA50058679D /* Tests macOS */ = {
			isa = PBXGroup;
			children = (
				41982E6526881FA50058679D /* Tests_macOS.swift */,
			);
			path = "Tests macOS";
			sourceTree = "<group>";
		};
/* End PBXGroup section */

/* Begin PBXNativeTarget section */
		41982E4B26881FA50058679D /* SwiftUIIntroduction (iOS) */ = {
			isa = PBXNativeTarget;
			buildConfigurationList = 41982E6F26881FA50058679D /* Build configuration list for PBXNativeTarget "SwiftUIIntroduction (iOS)" */;
			buildPhases = (
				41982E4826881FA50058679D /* Sources */,
				41982E4926881FA50058679D /* Frameworks */,
				41982E4A26881FA50058679D /* Resources */,
			);
			buildRules = (
			);
			dependencies = (
			);
			name = "SwiftUIIntroduction (iOS)";
			productName = "SwiftUIIntroduction (iOS)";
			productReference = 41982E4C26881FA50058679D /* SwiftUIIntroduction.app */;
			productType = "com.apple.product-type.application";
		};
		41982E5126881FA50058679D /* SwiftUIIntroduction (macOS) */ = {
			isa = PBXNativeTarget;
			buildConfigurationList = 41982E7226881FA50058679D /* Build configuration list for PBXNativeTarget "SwiftUIIntroduction (macOS)" */;
			buildPhases = (
				41982E4E26881FA50058679D /* Sources */,
				41982E4F26881FA50058679D /* Frameworks */,
				41982E5026881FA50058679D /* Resources */,
			);
			buildRules = (
			);
			dependencies = (
			);
			name = "SwiftUIIntroduction (macOS)";
			productName = "SwiftUIIntroduction (macOS)";
			productReference = 41982E5226881FA50058679D /* SwiftUIIntroduction.app */;
			productType = "com.apple.product-type.application";
		};
		41982E5626881FA50058679D /* Tests iOS */ = {
			isa = PBXNativeTarget;
			buildConfigurationList = 41982E7526881FA50058679D /* Build configuration list for PBXNativeTarget "Tests iOS" */;
			buildPhases = (
				41982E5326881FA50058679D /* Sources */,
				41982E5426881FA50058679D /* Frameworks */,
				41982E5526881FA50058679D /* Resources */,
			);
			buildRules = (
			);
			dependencies = (
				41982E5926881FA50058679D /* PBXTargetDependency */,
			);
			name = "Tests iOS";
			productName = "Tests iOS";
			productReference = 41982E5726881FA50058679D /* Tests iOS.xctest */;
			productType = "com.apple.product-type.bundle.ui-testing";
		};
		41982E6026881FA50058679D /* Tests macOS */ = {
			isa = PBXNativeTarget;
			buildConfigurationList = 41982E7826881FA50058679D /* Build configuration list for PBXNativeTarget "Tests macOS" */;
			buildPhases = (
				41982E5D26881FA50058679D /* Sources */,
				41982E5E26881FA50058679D /* Frameworks */,
				41982E5F26881FA50058679D /* Resources */,
			);
			buildRules = (
			);
			dependencies = (
				41982E6326881FA50058679D /* PBXTargetDependency */,
			);
			name = "Tests macOS";
			productName = "Tests macOS";
			productReference = 41982E6126881FA50058679D /* Tests macOS.xctest */;
			productType = "com.apple.product-type.bundle.ui-testing";
		};
/* End PBXNativeTarget section */

/* Begin PBXProject section */
		41982E4026881FA30058679D /* Project object */ = {
			isa = PBXProject;
			attributes = {
				BuildIndependentTargetsInParallel = 1;
				LastSwiftUpdateCheck = 1300;
				LastUpgradeCheck = 1300;
				TargetAttributes = {
					41982E4B26881FA50058679D = {
						CreatedOnToolsVersion = 13.0;
					};
					41982E5126881FA50058679D = {
						CreatedOnToolsVersion = 13.0;
					};
					41982E5626881FA50058679D = {
						CreatedOnToolsVersion = 13.0;
						TestTargetID = 41982E4B26881FA50058679D;
					};
					41982E6026881FA50058679D = {
						CreatedOnToolsVersion = 13.0;
						TestTargetID = 41982E5126881FA50058679D;
					};
				};
			};
			buildConfigurationList = 41982E4326881FA30058679D /* Build configuration list for PBXProject "SwiftUIIntroduction" */;
			compatibilityVersion = "Xcode 13.0";
			developmentRegion = en;
			hasScannedForEncodings = 0;
			knownRegions = (
				en,
				Base,
			);
			mainGroup = 41982E3F26881FA30058679D;
			productRefGroup = 41982E4D26881FA50058679D /* Products */;
			projectDirPath = "";
			projectRoot = "";
			targets = (
				41982E4B26881FA50058679D /* SwiftUIIntroduction (iOS) */,
				41982E5126881FA50058679D /* SwiftUIIntroduction (macOS) */,
				41982E5626881FA50058679D /* Tests iOS */,
				41982E6026881FA50058679D /* Tests macOS */,
			);
		};
/* End PBXProject section */

/* Begin PBXResourcesBuildPhase section */
		41982E4A26881FA50058679D /* Resources */ = {
			isa = PBXResourcesBuildPhase;
			buildActionMask = 2147483647;
			files = (
				41982E6B26881FA50058679D /* Assets.xcassets in Resources */,
			);
			runOnlyForDeploymentPostprocessing = 0;
		};
		41982E5026881FA50058679D /* Resources */ = {
			isa = PBXResourcesBuildPhase;
			buildActionMask = 2147483647;
			files = (
				41982E6C26881FA50058679D /* Assets.xcassets in Resources */,
			);
			runOnlyForDeploymentPostprocessing = 0;
		};
		41982E5526881FA50058679D /* Resources */ = {
			isa = PBXResourcesBuildPhase;
			buildActionMask = 2147483647;
			files = (
			);
			runOnlyForDeploymentPostprocessing = 0;
		};
		41982E5F26881FA50058679D /* Resources */ = {
			isa = PBXResourcesBuildPhase;
			buildActionMask = 2147483647;
			files = (
			);
			runOnlyForDeploymentPostprocessing = 0;
		};
/* End PBXResourcesBuildPhase section */

/* Begin PBXSourcesBuildPhase section */
		41982E4826881FA50058679D /* Sources */ = {
			isa = PBXSourcesBuildPhase;
			buildActionMask = 2147483647;
			files = (
				41982E6926881FA50058679D /* ContentView.swift in Sources */,
				41982E6726881FA50058679D /* SwiftUIIntroductionApp.swift in Sources */,
			);
			runOnlyForDeploymentPostprocessing = 0;
		};
		41982E4E26881FA50058679D /* Sources */ = {
			isa = PBXSourcesBuildPhase;
			buildActionMask = 2147483647;
			files = (
				41982E6A26881FA50058679D /* ContentView.swift in Sources */,
				41982E6826881FA50058679D /* SwiftUIIntroductionApp.swift in Sources */,
			);
			runOnlyForDeploymentPostprocessing = 0;
		};
		41982E5326881FA50058679D /* Sources */ = {
			isa = PBXSourcesBuildPhase;
			buildActionMask = 2147483647;
			files = (
				41982E5C26881FA50058679D /* Tests_iOS.swift in Sources */,
			);
			runOnlyForDeploymentPostprocessing = 0;
		};
		41982E5D26881FA50058679D /* Sources */ = {
			isa = PBXSourcesBuildPhase;
			buildActionMask = 2147483647;
			files = (
				41982E6626881FA50058679D /* Tests_macOS.swift in Sources */,
			);
			runOnlyForDeploymentPostprocessing = 0;
		};
/* End PBXSourcesBuildPhase section */

/* Begin PBXTargetDependency section */
		41982E5926881FA50058679D /* PBXTargetDependency */ = {
			isa = PBXTargetDependency;
			target = 41982E4B26881FA50058679D /* SwiftUIIntroduction (iOS) */;
			targetProxy = 41982E5826881FA50058679D /* PBXContainerItemProxy */;
		};
		41982E6326881FA50058679D /* PBXTargetDependency */ = {
			isa = PBXTargetDependency;
			target = 41982E5126881FA50058679D /* SwiftUIIntroduction (macOS) */;
			targetProxy = 41982E6226881FA50058679D /* PBXContainerItemProxy */;
		};
/* End PBXTargetDependency section */

/* Begin XCBuildConfiguration section */
		41982E6D26881FA50058679D /* Debug */ = {
			isa = XCBuildConfiguration;
			buildSettings = {
				ALWAYS_SEARCH_USER_PATHS = NO;
				CLANG_ANALYZER_NONNULL = YES;
				CLANG_ANALYZER_NUMBER_OBJECT_CONVERSION = YES_AGGRESSIVE;
				CLANG_CXX_LANGUAGE_STANDARD = "gnu++14";
				CLANG_CXX_LIBRARY = "libc++";
				CLANG_ENABLE_MODULES = YES;
				CLANG_ENABLE_OBJC_ARC = YES;
				CLANG_ENABLE_OBJC_WEAK = YES;
				CLANG_WARN_BLOCK_CAPTURE_AUTORELEASING = YES;
				CLANG_WARN_BOOL_CONVERSION = YES;
				CLANG_WARN_COMMA = YES;
				CLANG_WARN_CONSTANT_CONVERSION = YES;
				CLANG_WARN_DEPRECATED_OBJC_IMPLEMENTATIONS = YES;
				CLANG_WARN_DIRECT_OBJC_ISA_USAGE = YES_ERROR;
				CLANG_WARN_DOCUMENTATION_COMMENTS = YES;
				CLANG_WARN_EMPTY_BODY = YES;
				CLANG_WARN_ENUM_CONVERSION = YES;
				CLANG_WARN_INFINITE_RECURSION = YES;
				CLANG_WARN_INT_CONVERSION = YES;
				CLANG_WARN_NON_LITERAL_NULL_CONVERSION = YES;
				CLANG_WARN_OBJC_IMPLICIT_RETAIN_SELF = YES;
				CLANG_WARN_OBJC_LITERAL_CONVERSION = YES;
				CLANG_WARN_OBJC_ROOT_CLASS = YES_ERROR;
				CLANG_WARN_QUOTED_INCLUDE_IN_FRAMEWORK_HEADER = YES;
				CLANG_WARN_RANGE_LOOP_ANALYSIS = YES;
				CLANG_WARN_STRICT_PROTOTYPES = YES;
				CLANG_WARN_SUSPICIOUS_MOVE = YES;
				CLANG_WARN_UNGUARDED_AVAILABILITY = YES_AGGRESSIVE;
				CLANG_WARN_UNREACHABLE_CODE = YES;
				CLANG_WARN__DUPLICATE_METHOD_MATCH = YES;
				COPY_PHASE_STRIP = NO;
				DEBUG_INFORMATION_FORMAT = dwarf;
				ENABLE_STRICT_OBJC_MSGSEND = YES;
				ENABLE_TESTABILITY = YES;
				GCC_C_LANGUAGE_STANDARD = gnu11;
				GCC_DYNAMIC_NO_PIC = NO;
				GCC_NO_COMMON_BLOCKS = YES;
				GCC_OPTIMIZATION_LEVEL = 0;
				GCC_PREPROCESSOR_DEFINITIONS = (
					"DEBUG=1",
					"$(inherited)",
				);
				GCC_WARN_64_TO_32_BIT_CONVERSION = YES;
				GCC_WARN_ABOUT_RETURN_TYPE = YES_ERROR;
				GCC_WARN_UNDECLARED_SELECTOR = YES;
				GCC_WARN_UNINITIALIZED_AUTOS = YES_AGGRESSIVE;
				GCC_WARN_UNUSED_FUNCTION = YES;
				GCC_WARN_UNUSED_VARIABLE = YES;
				MTL_ENABLE_DEBUG_INFO = INCLUDE_SOURCE;
				MTL_FAST_MATH = YES;
				ONLY_ACTIVE_ARCH = YES;
				SWIFT_ACTIVE_COMPILATION_CONDITIONS = DEBUG;
				SWIFT_OPTIMIZATION_LEVEL = "-Onone";
			};
			name = Debug;
		};
		41982E6E26881FA50058679D /* Release */ = {
			isa = XCBuildConfiguration;
			buildSettings = {
				ALWAYS_SEARCH_USER_PATHS = NO;
				CLANG_ANALYZER_NONNULL = YES;
				CLANG_ANALYZER_NUMBER_OBJECT_CONVERSION = YES_AGGRESSIVE;
				CLANG_CXX_LANGUAGE_STANDARD = "gnu++14";
				CLANG_CXX_LIBRARY = "libc++";
				CLANG_ENABLE_MODULES = YES;
				CLANG_ENABLE_OBJC_ARC = YES;
				CLANG_ENABLE_OBJC_WEAK = YES;
				CLANG_WARN_BLOCK_CAPTURE_AUTORELEASING = YES;
				CLANG_WARN_BOOL_CONVERSION = YES;
				CLANG_WARN_COMMA = YES;
				CLANG_WARN_CONSTANT_CONVERSION = YES;
				CLANG_WARN_DEPRECATED_OBJC_IMPLEMENTATIONS = YES;
				CLANG_WARN_DIRECT_OBJC_ISA_USAGE = YES_ERROR;
				CLANG_WARN_DOCUMENTATION_COMMENTS = YES;
				CLANG_WARN_EMPTY_BODY = YES;
				CLANG_WARN_ENUM_CONVERSION = YES;
				CLANG_WARN_INFINITE_RECURSION = YES;
				CLANG_WARN_INT_CONVERSION = YES;
				CLANG_WARN_NON_LITERAL_NULL_CONVERSION = YES;
				CLANG_WARN_OBJC_IMPLICIT_RETAIN_SELF = YES;
				CLANG_WARN_OBJC_LITERAL_CONVERSION = YES;
				CLANG_WARN_OBJC_ROOT_CLASS = YES_ERROR;
				CLANG_WARN_QUOTED_INCLUDE_IN_FRAMEWORK_HEADER = YES;
				CLANG_WARN_RANGE_LOOP_ANALYSIS = YES;
				CLANG_WARN_STRICT_PROTOTYPES = YES;
				CLANG_WARN_SUSPICIOUS_MOVE = YES;
				CLANG_WARN_UNGUARDED_AVAILABILITY = YES_AGGRESSIVE;
				CLANG_WARN_UNREACHABLE_CODE = YES;
				CLANG_WARN__DUPLICATE_METHOD_MATCH = YES;
				COPY_PHASE_STRIP = NO;
				DEBUG_INFORMATION_FORMAT = "dwarf-with-dsym";
				ENABLE_NS_ASSERTIONS = NO;
				ENABLE_STRICT_OBJC_MSGSEND = YES;
				GCC_C_LANGUAGE_STANDARD = gnu11;
				GCC_NO_COMMON_BLOCKS = YES;
				GCC_WARN_64_TO_32_BIT_CONVERSION = YES;
				GCC_WARN_ABOUT_RETURN_TYPE = YES_ERROR;
				GCC_WARN_UNDECLARED_SELECTOR = YES;
				GCC_WARN_UNINITIALIZED_AUTOS = YES_AGGRESSIVE;
				GCC_WARN_UNUSED_FUNCTION = YES;
				GCC_WARN_UNUSED_VARIABLE = YES;
				MTL_ENABLE_DEBUG_INFO = NO;
				MTL_FAST_MATH = YES;
				SWIFT_COMPILATION_MODE = wholemodule;
				SWIFT_OPTIMIZATION_LEVEL = "-O";
			};
			name = Release;
		};
		41982E7026881FA50058679D /* Debug */ = {
			isa = XCBuildConfiguration;
			buildSettings = {
				ASSETCATALOG_COMPILER_APPICON_NAME = AppIcon;
				ASSETCATALOG_COMPILER_GLOBAL_ACCENT_COLOR_NAME = AccentColor;
				CODE_SIGN_STYLE = Automatic;
				CURRENT_PROJECT_VERSION = 1;
				ENABLE_PREVIEWS = YES;
				GENERATE_INFOPLIST_FILE = YES;
				INFOPLIST_KEY_UIApplicationSceneManifest_Generation = YES;
				INFOPLIST_KEY_UIApplicationSupportsIndirectInputEvents = YES;
				INFOPLIST_KEY_UILaunchScreen_Generation = YES;
				INFOPLIST_KEY_UISupportedInterfaceOrientations_iPad = "UIInterfaceOrientationPortrait UIInterfaceOrientationPortraitUpsideDown UIInterfaceOrientationLandscapeLeft UIInterfaceOrientationLandscapeRight";
				INFOPLIST_KEY_UISupportedInterfaceOrientations_iPhone = "UIInterfaceOrientationPortrait UIInterfaceOrientationLandscapeLeft UIInterfaceOrientationLandscapeRight";
				IPHONEOS_DEPLOYMENT_TARGET = 14.0;
				LD_RUNPATH_SEARCH_PATHS = (
					"$(inherited)",
					"@executable_path/Frameworks",
				);
				MARKETING_VERSION = 1.0;
				PRODUCT_BUNDLE_IDENTIFIER = com.arifinfrds.SwiftUIIntroduction;
				PRODUCT_NAME = SwiftUIIntroduction;
				SDKROOT = iphoneos;
				SWIFT_EMIT_LOC_STRINGS = YES;
				SWIFT_VERSION = 5.0;
				TARGETED_DEVICE_FAMILY = "1,2";
			};
			name = Debug;
		};
		41982E7126881FA50058679D /* Release */ = {
			isa = XCBuildConfiguration;
			buildSettings = {
				ASSETCATALOG_COMPILER_APPICON_NAME = AppIcon;
				ASSETCATALOG_COMPILER_GLOBAL_ACCENT_COLOR_NAME = AccentColor;
				CODE_SIGN_STYLE = Automatic;
				CURRENT_PROJECT_VERSION = 1;
				ENABLE_PREVIEWS = YES;
				GENERATE_INFOPLIST_FILE = YES;
				INFOPLIST_KEY_UIApplicationSceneManifest_Generation = YES;
				INFOPLIST_KEY_UIApplicationSupportsIndirectInputEvents = YES;
				INFOPLIST_KEY_UILaunchScreen_Generation = YES;
				INFOPLIST_KEY_UISupportedInterfaceOrientations_iPad = "UIInterfaceOrientationPortrait UIInterfaceOrientationPortraitUpsideDown UIInterfaceOrientationLandscapeLeft UIInterfaceOrientationLandscapeRight";
				INFOPLIST_KEY_UISupportedInterfaceOrientations_iPhone = "UIInterfaceOrientationPortrait UIInterfaceOrientationLandscapeLeft UIInterfaceOrientationLandscapeRight";
				IPHONEOS_DEPLOYMENT_TARGET = 14.0;
				LD_RUNPATH_SEARCH_PATHS = (
					"$(inherited)",
					"@executable_path/Frameworks",
				);
				MARKETING_VERSION = 1.0;
				PRODUCT_BUNDLE_IDENTIFIER = com.arifinfrds.SwiftUIIntroduction;
				PRODUCT_NAME = SwiftUIIntroduction;
				SDKROOT = iphoneos;
				SWIFT_EMIT_LOC_STRINGS = YES;
				SWIFT_VERSION = 5.0;
				TARGETED_DEVICE_FAMILY = "1,2";
				VALIDATE_PRODUCT = YES;
			};
			name = Release;
		};
		41982E7326881FA50058679D /* Debug */ = {
			isa = XCBuildConfiguration;
			buildSettings = {
				ASSETCATALOG_COMPILER_APPICON_NAME = AppIcon;
				ASSETCATALOG_COMPILER_GLOBAL_ACCENT_COLOR_NAME = AccentColor;
				CODE_SIGN_STYLE = Automatic;
				COMBINE_HIDPI_IMAGES = YES;
				CURRENT_PROJECT_VERSION = 1;
				ENABLE_APP_SANDBOX = YES;
				ENABLE_PREVIEWS = YES;
				ENABLE_USER_SELECTED_FILES = readonly;
				GENERATE_INFOPLIST_FILE = YES;
				INFOPLIST_KEY_NSHumanReadableCopyright = "";
				LD_RUNPATH_SEARCH_PATHS = (
					"$(inherited)",
					"@executable_path/../Frameworks",
				);
				MACOSX_DEPLOYMENT_TARGET = 11.0;
				MARKETING_VERSION = 1.0;
				PRODUCT_BUNDLE_IDENTIFIER = com.arifinfrds.SwiftUIIntroduction;
				PRODUCT_NAME = SwiftUIIntroduction;
				SDKROOT = macosx;
				SWIFT_EMIT_LOC_STRINGS = YES;
				SWIFT_VERSION = 5.0;
			};
			name = Debug;
		};
		41982E7426881FA50058679D /* Release */ = {
			isa = XCBuildConfiguration;
			buildSettings = {
				ASSETCATALOG_COMPILER_APPICON_NAME = AppIcon;
				ASSETCATALOG_COMPILER_GLOBAL_ACCENT_COLOR_NAME = AccentColor;
				CODE_SIGN_STYLE = Automatic;
				COMBINE_HIDPI_IMAGES = YES;
				CURRENT_PROJECT_VERSION = 1;
				ENABLE_APP_SANDBOX = YES;
				ENABLE_PREVIEWS = YES;
				ENABLE_USER_SELECTED_FILES = readonly;
				GENERATE_INFOPLIST_FILE = YES;
				INFOPLIST_KEY_NSHumanReadableCopyright = "";
				LD_RUNPATH_SEARCH_PATHS = (
					"$(inherited)",
					"@executable_path/../Frameworks",
				);
				MACOSX_DEPLOYMENT_TARGET = 11.0;
				MARKETING_VERSION = 1.0;
				PRODUCT_BUNDLE_IDENTIFIER = com.arifinfrds.SwiftUIIntroduction;
				PRODUCT_NAME = SwiftUIIntroduction;
				SDKROOT = macosx;
				SWIFT_EMIT_LOC_STRINGS = YES;
				SWIFT_VERSION = 5.0;
			};
			name = Release;
		};
		41982E7626881FA50058679D /* Debug */ = {
			isa = XCBuildConfiguration;
			buildSettings = {
				ALWAYS_EMBED_SWIFT_STANDARD_LIBRARIES = YES;
				CODE_SIGN_STYLE = Automatic;
				CURRENT_PROJECT_VERSION = 1;
				GENERATE_INFOPLIST_FILE = YES;
				IPHONEOS_DEPLOYMENT_TARGET = 15.0;
				LD_RUNPATH_SEARCH_PATHS = (
					"$(inherited)",
					"@executable_path/Frameworks",
					"@loader_path/Frameworks",
				);
				MARKETING_VERSION = 1.0;
				PRODUCT_BUNDLE_IDENTIFIER = "com.arifinfrds.Tests-iOS";
				PRODUCT_NAME = "$(TARGET_NAME)";
				SDKROOT = iphoneos;
				SWIFT_EMIT_LOC_STRINGS = NO;
				SWIFT_VERSION = 5.0;
				TARGETED_DEVICE_FAMILY = "1,2";
				TEST_TARGET_NAME = "SwiftUIIntroduction (iOS)";
			};
			name = Debug;
		};
		41982E7726881FA50058679D /* Release */ = {
			isa = XCBuildConfiguration;
			buildSettings = {
				ALWAYS_EMBED_SWIFT_STANDARD_LIBRARIES = YES;
				CODE_SIGN_STYLE = Automatic;
				CURRENT_PROJECT_VERSION = 1;
				GENERATE_INFOPLIST_FILE = YES;
				IPHONEOS_DEPLOYMENT_TARGET = 15.0;
				LD_RUNPATH_SEARCH_PATHS = (
					"$(inherited)",
					"@executable_path/Frameworks",
					"@loader_path/Frameworks",
				);
				MARKETING_VERSION = 1.0;
				PRODUCT_BUNDLE_IDENTIFIER = "com.arifinfrds.Tests-iOS";
				PRODUCT_NAME = "$(TARGET_NAME)";
				SDKROOT = iphoneos;
				SWIFT_EMIT_LOC_STRINGS = NO;
				SWIFT_VERSION = 5.0;
				TARGETED_DEVICE_FAMILY = "1,2";
				TEST_TARGET_NAME = "SwiftUIIntroduction (iOS)";
				VALIDATE_PRODUCT = YES;
			};
			name = Release;
		};
		41982E7926881FA50058679D /* Debug */ = {
			isa = XCBuildConfiguration;
			buildSettings = {
				ALWAYS_EMBED_SWIFT_STANDARD_LIBRARIES = YES;
				CODE_SIGN_STYLE = Automatic;
				COMBINE_HIDPI_IMAGES = YES;
				CURRENT_PROJECT_VERSION = 1;
				GENERATE_INFOPLIST_FILE = YES;
				LD_RUNPATH_SEARCH_PATHS = (
					"$(inherited)",
					"@executable_path/../Frameworks",
					"@loader_path/../Frameworks",
				);
				MACOSX_DEPLOYMENT_TARGET = 11.4;
				MARKETING_VERSION = 1.0;
				PRODUCT_BUNDLE_IDENTIFIER = "com.arifinfrds.Tests-macOS";
				PRODUCT_NAME = "$(TARGET_NAME)";
				SDKROOT = macosx;
				SWIFT_EMIT_LOC_STRINGS = NO;
				SWIFT_VERSION = 5.0;
				TEST_TARGET_NAME = "SwiftUIIntroduction (macOS)";
			};
			name = Debug;
		};
		41982E7A26881FA50058679D /* Release */ = {
			isa = XCBuildConfiguration;
			buildSettings = {
				ALWAYS_EMBED_SWIFT_STANDARD_LIBRARIES = YES;
				CODE_SIGN_STYLE = Automatic;
				COMBINE_HIDPI_IMAGES = YES;
				CURRENT_PROJECT_VERSION = 1;
				GENERATE_INFOPLIST_FILE = YES;
				LD_RUNPATH_SEARCH_PATHS = (
					"$(inherited)",
					"@executable_path/../Frameworks",
					"@loader_path/../Frameworks",
				);
				MACOSX_DEPLOYMENT_TARGET = 11.4;
				MARKETING_VERSION = 1.0;
				PRODUCT_BUNDLE_IDENTIFIER = "com.arifinfrds.Tests-macOS";
				PRODUCT_NAME = "$(TARGET_NAME)";
				SDKROOT = macosx;
				SWIFT_EMIT_LOC_STRINGS = NO;
				SWIFT_VERSION = 5.0;
				TEST_TARGET_NAME = "SwiftUIIntroduction (macOS)";
			};
			name = Release;
		};
/* End XCBuildConfiguration section */

/* Begin XCConfigurationList section */
		41982E4326881FA30058679D /* Build configuration list for PBXProject "SwiftUIIntroduction" */ = {
			isa = XCConfigurationList;
			buildConfigurations = (
				41982E6D26881FA50058679D /* Debug */,
				41982E6E26881FA50058679D /* Release */,
			);
			defaultConfigurationIsVisible = 0;
			defaultConfigurationName = Release;
		};
		41982E6F26881FA50058679D /* Build configuration list for PBXNativeTarget "SwiftUIIntroduction (iOS)" */ = {
			isa = XCConfigurationList;
			buildConfigurations = (
				41982E7026881FA50058679D /* Debug */,
				41982E7126881FA50058679D /* Release */,
			);
			defaultConfigurationIsVisible = 0;
			defaultConfigurationName = Release;
		};
		41982E7226881FA50058679D /* Build configuration list for PBXNativeTarget "SwiftUIIntroduction (macOS)" */ = {
			isa = XCConfigurationList;
			buildConfigurations = (
				41982E7326881FA50058679D /* Debug */,
				41982E7426881FA50058679D /* Release */,
			);
			defaultConfigurationIsVisible = 0;
			defaultConfigurationName = Release;
		};
		41982E7526881FA50058679D /* Build configuration list for PBXNativeTarget "Tests iOS" */ = {
			isa = XCConfigurationList;
			buildConfigurations = (
				41982E7626881FA50058679D /* Debug */,
				41982E7726881FA50058679D /* Release */,
			);
			defaultConfigurationIsVisible = 0;
			defaultConfigurationName = Release;
		};
		41982E7826881FA50058679D /* Build configuration list for PBXNativeTarget "Tests macOS" */ = {
			isa = XCConfigurationList;
			buildConfigurations = (
				41982E7926881FA50058679D /* Debug */,
				41982E7A26881FA50058679D /* Release */,
			);
			defaultConfigurationIsVisible = 0;
			defaultConfigurationName = Release;
		};
/* End XCConfigurationList section */
	};
	rootObject = 41982E4026881FA30058679D /* Project object */;
}
